10558408316569075032
cista f67b3bf31342e0685ec26c510f52328ceff8ff23
zlib fe8e13ffca867612951bc6baf114e5ac8b00f305
boost 1c3f21c1fa8b149da89e2f6bcb48b28fff30fa5e
conf 3aca4248da3f67d2a31ccce358ad9ee6102ab539
cpptoml 2133029ec819e8398e96fa679993b269f21ff9f2
fmt 3503709ac2ba2a938676e6b2071f1362294e278b
libosmium d5cc2a02d997c2b464d37d37c3a75cd9efa23dc4
mimalloc 2a557cafb2e9e7c872358a83a63c62a7e14330b3
libressl 39c1bf084d5c179d7bbce7ba902fffbebff0ee15
net 785b39c08212732e510305f0eef18de70f19b15e
protozero 8c9f3fa97c2cfdceef86d0b61818ae98e9328f29
rapidjson 9ece673b648b19d0f1995b82d402c9a6fc0eb277
unordered_dense c11595a7743d20622637584bddf77243d72ae152
Catch2 47d56f28a9801911c048d011b375e5631dbb658f
utl e88570eda1ba665b8a24e22d32cf777c2285cab5
