1568225318232232742
cista d14b70b9f45d249d1c9a20bcc13877cc4b771188
zlib fe8e13ffca867612951bc6baf114e5ac8b00f305
boost be5235eb2258d2ec19e32546ab767a62311d9b46
conf aab49490c6b77027938b74265f386144364aa266
cpptoml 2133029ec819e8398e96fa679993b269f21ff9f2
fmt d19c9bfb59e792b7a39d1a347b76d5702e02130a
libosmium 6e6d6b3081cc8bdf25dda89730e25c36eb995516
mimalloc 2a557cafb2e9e7c872358a83a63c62a7e14330b3
libressl 390253a44ceef00eb620c38606588414326e9f23
net 44674d2f3917e20b7019a0f7254d332522c36fb7
protozero 8c9f3fa97c2cfdceef86d0b61818ae98e9328f29
rapidjson e4a599d2b5dec065b1ea2af5d8dac52baa9df5f5
unordered_dense 77e91016354e6d8cba24a86c5abb807de2534c02
Catch2 47d56f28a9801911c048d011b375e5631dbb658f
utl 3d3b9f2d45fd6e864cfda0b32a924e8d445c8b69
