12533656122487275393
cista e4034ef59b30a80323dc638df54e85d36d8364ff
zlib 1e1dfdedddb54a2e2cb8fec3b67f925233c495aa
boost ad6cbb38470efd74265715e0972cb5ae44527fb1
conf 71febe940c0715ea69aa0c9980e08d31c5c946b8
cpptoml 2133029ec819e8398e96fa679993b269f21ff9f2
libosmium bc09725a4636d5036bfed30de2db0764cdff2de9
libressl 502ef24e637b026290d641528c4fa82267033d36
net f3f0115840bcfa2ab8dd5a360267f168b6463c27
protozero 8c9f3fa97c2cfdceef86d0b61818ae98e9328f29
rapidjson e4a599d2b5dec065b1ea2af5d8dac52baa9df5f5
Catch2 e5c9a58d66ff0780e956b5447573af9d6b9b2ca3
fmt 34d0435ad07feb55dabd64d99482dd5d28972584
utl 7b489d567514e138d46a545d49702f168ded521a
